<?xml version="1.0" encoding="utf-8"?>
<Project ToolsVersion="4.0" xmlns="http://schemas.microsoft.com/developer/msbuild/2003">
  <ItemGroup>
    <Filter Include="Hazal">
      <UniqueIdentifier>{15294D0D-813D-75BE-4ABF-181EB69271EF}</UniqueIdentifier>
    </Filter>
    <Filter Include="Hazal\Events">
      <UniqueIdentifier>{592BA12C-458E-30D1-EE13-6987DA55FC53}</UniqueIdentifier>
    </Filter>
  </ItemGroup>
  <ItemGroup>
    <ClInclude Include="src\Hazal.h" />
    <ClInclude Include="src\Hazal\Application.h">
      <Filter>Hazal</Filter>
    </ClInclude>
    <ClInclude Include="src\Hazal\Core.h">
      <Filter>Hazal</Filter>
    </ClInclude>
    <ClInclude Include="src\Hazal\EntryPoint.h">
      <Filter>Hazal</Filter>
    </ClInclude>
    <ClInclude Include="src\Hazal\Events\ApplicationEvent.h">
      <Filter>Hazal\Events</Filter>
    </ClInclude>
    <ClInclude Include="src\Hazal\Events\Event.h">
      <Filter>Hazal\Events</Filter>
    </ClInclude>
    <ClInclude Include="src\Hazal\Events\KeyEvent.h">
      <Filter>Hazal\Events</Filter>
    </ClInclude>
    <ClInclude Include="src\Hazal\Events\MouseEvent.h">
      <Filter>Hazal\Events</Filter>
    </ClInclude>
    <ClInclude Include="src\Hazal\Log.h">
      <Filter>Hazal</Filter>
    </ClInclude>
  </ItemGroup>
  <ItemGroup>
    <ClCompile Include="src\Hazal\Application.cpp">
      <Filter>Hazal</Filter>
    </ClCompile>
    <ClCompile Include="src\Hazal\Log.cpp">
      <Filter>Hazal</Filter>
    </ClCompile>
  </ItemGroup>
</Project>